# THIS IS AN AUTOGENERATED FILE. DO NOT EDIT THIS FILE DIRECTLY.
# yarn lockfile v1


as-proto-gen@^0.2.0:
  version "0.2.0"
  resolved "https://registry.yarnpkg.com/as-proto-gen/-/as-proto-gen-0.2.0.tgz#711fcfb44f9cecc4a5f5b75f08a61a9d10ce352b"
  integrity sha512-6OLC3nu9rwNJ6hHv7Kwrs6RwyrgbrN+kRutwDOtegxyiu5rxgcbm4wvHk1fPqcVpXSTAANDAONUziz/zi/41og==
  dependencies:
    google-protobuf "^3.19.2"
    prettier "^2.5.0"
    ts-poet "^4.9.0"

google-protobuf@^3.19.2:
  version "3.19.3"
  resolved "https://registry.yarnpkg.com/google-protobuf/-/google-protobuf-3.19.3.tgz#2d5fb0c77584d675fca509a1fbc80c64fff471c9"
  integrity sha512-3GRDj8o9XjcALYjgxNKeD7Wm6w/V8r1Jo4sLYMic9+VaIMLBx8TQeHP9yaoRoDymNONhnkmmveDPyjw/Fpw8+A==

lodash@^4.17.15:
  version "4.17.21"
  resolved "https://registry.yarnpkg.com/lodash/-/lodash-4.17.21.tgz#679591c564c3bffaae8454cf0b3df370c3d6911c"
  integrity sha512-v2kDEe57lecTulaDIuNTPy3Ry4gLGJ6Z1O3vE1krgXZNrsQ+LFTGHVxVjcXPs17LhbZVGedAJv8XZ1tvj5FvSg==

prettier@^2.5.0, prettier@^2.5.1:
  version "2.5.1"
  resolved "https://registry.yarnpkg.com/prettier/-/prettier-2.5.1.tgz#fff75fa9d519c54cf0fce328c1017d94546bc56a"
  integrity sha512-vBZcPRUR5MZJwoyi3ZoyQlc1rXeEck8KgeC9AwwOn+exuxLxq5toTRDTSaVrXHxelDMHy9zlicw8u66yxoSUFg==

ts-poet@^4.9.0:
  version "4.10.0"
  resolved "https://registry.yarnpkg.com/ts-poet/-/ts-poet-4.10.0.tgz#8732374655e87f8f833e5d110938e346713e8c66"
  integrity sha512-V5xzt+LDMVtxWvK12WVwHhGHTA//CeoPdWOqka0mMjlRqq7RPKYSfWEnzJdMmhNbd34BwZuZpip4mm+nqEcbQA==
  dependencies:
    lodash "^4.17.15"
    prettier "^2.5.1"
